
Microsoft Visual Studio Solution File, Format Version 12.00
# Visual Studio Version 17
VisualStudioVersion = 17.5.33414.496
MinimumVisualStudioVersion = 10.0.40219.1
Project("{9A19103F-16F7-4668-BE54-9A1E7A4F7556}") = "Using Business Objects in the Report", "Using Business Objects in the Report.csproj", "{3613ED32-822A-4E93-BC80-CEAB07B9391A}"
EndProject
Global
	GlobalSection(SolutionConfigurationPlatforms) = preSolution
		Debug|Any CPU = Debug|Any CPU
		Release|Any CPU = Release|Any CPU
	EndGlobalSection
	GlobalSection(ProjectConfigurationPlatforms) = postSolution
		{3613ED32-822A-4E93-BC80-CEAB07B9391A}.Debug|Any CPU.ActiveCfg = Debug|Any CPU
		{3613ED32-822A-4E93-BC80-CEAB07B9391A}.Debug|Any CPU.Build.0 = Debug|Any CPU
		{3613ED32-822A-4E93-BC80-CEAB07B9391A}.Release|Any CPU.ActiveCfg = Release|Any CPU
		{3613ED32-822A-4E93-BC80-CEAB07B9391A}.Release|Any CPU.Build.0 = Release|Any CPU
	EndGlobalSection
	GlobalSection(SolutionProperties) = preSolution
		HideSolutionNode = FALSE
	EndGlobalSection
	GlobalSection(ExtensibilityGlobals) = postSolution
		SolutionGuid = {6A6E488F-5926-4AB2-A2AB-9BA16FC22512}
	EndGlobalSection
EndGlobal
